
Microsoft Visual Studio Solution File, Format Version 12.00
# Visual Studio Version 17
VisualStudioVersion = 17.0.32112.339
MinimumVisualStudioVersion = 10.0.40219.1
Project("{9A19103F-16F7-4668-BE54-9A1E7A4F7556}") = "DesignPatternSamples.CreationalPatterns", "CreationalPatterns\DesignPatternSamples.CreationalPatterns.csproj", "{90D88F3A-7842-4C9E-97AC-ABCD475F6446}"
EndProject
Project("{9A19103F-16F7-4668-BE54-9A1E7A4F7556}") = "DesignPatternSamples.ConsoleAPP", "ConsoleAPP\DesignPatternSamples.ConsoleAPP.csproj", "{27B8AF08-957D-45F8-8572-01B4B38AAA75}"
EndProject
Project("{9A19103F-16F7-4668-BE54-9A1E7A4F7556}") = "DesignPatternSamples.StructuralPatterns", "StructuralPatterns\DesignPatternSamples.StructuralPatterns.csproj", "{9577F45E-C990-4964-A860-19F7BAC2348A}"
EndProject
Project("{FAE04EC0-301F-11D3-BF4B-00C04F79EFBC}") = "DesignPatternSamples.CrossCutting", "CrossCutting\DesignPatternSamples.CrossCutting.csproj", "{9C8076C5-232B-4F5F-9427-501C00E8B1F2}"
EndProject
Global
	GlobalSection(SolutionConfigurationPlatforms) = preSolution
		Debug|Any CPU = Debug|Any CPU
		Release|Any CPU = Release|Any CPU
	EndGlobalSection
	GlobalSection(ProjectConfigurationPlatforms) = postSolution
		{90D88F3A-7842-4C9E-97AC-ABCD475F6446}.Debug|Any CPU.ActiveCfg = Debug|Any CPU
		{90D88F3A-7842-4C9E-97AC-ABCD475F6446}.Debug|Any CPU.Build.0 = Debug|Any CPU
		{90D88F3A-7842-4C9E-97AC-ABCD475F6446}.Release|Any CPU.ActiveCfg = Release|Any CPU
		{90D88F3A-7842-4C9E-97AC-ABCD475F6446}.Release|Any CPU.Build.0 = Release|Any CPU
		{27B8AF08-957D-45F8-8572-01B4B38AAA75}.Debug|Any CPU.ActiveCfg = Debug|Any CPU
		{27B8AF08-957D-45F8-8572-01B4B38AAA75}.Debug|Any CPU.Build.0 = Debug|Any CPU
		{27B8AF08-957D-45F8-8572-01B4B38AAA75}.Release|Any CPU.ActiveCfg = Release|Any CPU
		{27B8AF08-957D-45F8-8572-01B4B38AAA75}.Release|Any CPU.Build.0 = Release|Any CPU
		{9577F45E-C990-4964-A860-19F7BAC2348A}.Debug|Any CPU.ActiveCfg = Debug|Any CPU
		{9577F45E-C990-4964-A860-19F7BAC2348A}.Debug|Any CPU.Build.0 = Debug|Any CPU
		{9577F45E-C990-4964-A860-19F7BAC2348A}.Release|Any CPU.ActiveCfg = Release|Any CPU
		{9577F45E-C990-4964-A860-19F7BAC2348A}.Release|Any CPU.Build.0 = Release|Any CPU
		{9C8076C5-232B-4F5F-9427-501C00E8B1F2}.Debug|Any CPU.ActiveCfg = Debug|Any CPU
		{9C8076C5-232B-4F5F-9427-501C00E8B1F2}.Debug|Any CPU.Build.0 = Debug|Any CPU
		{9C8076C5-232B-4F5F-9427-501C00E8B1F2}.Release|Any CPU.ActiveCfg = Release|Any CPU
		{9C8076C5-232B-4F5F-9427-501C00E8B1F2}.Release|Any CPU.Build.0 = Release|Any CPU
	EndGlobalSection
	GlobalSection(SolutionProperties) = preSolution
		HideSolutionNode = FALSE
	EndGlobalSection
	GlobalSection(ExtensibilityGlobals) = postSolution
		SolutionGuid = {FD95806D-F6F8-4FAE-8B35-1FEC143BDA47}
	EndGlobalSection
EndGlobal
